# This file is automatically @generated by Cargo.
# It is not intended for manual editing.
version = 3

[[package]]
name = "fdt_parse"
version = "0.1.0"

[[package]]
name = "ppm_parse"
version = "0.1.0"

[[package]]
name = "salmon_salad"
version = "0.1.0"
dependencies = [
 "fdt_parse",
 "ppm_parse",
]
